PODS:
  - AFNetworking (4.0.1):
    - AFNetworking/NSURLSession (= 4.0.1)
    - AFNetworking/Reachability (= 4.0.1)
    - AFNetworking/Security (= 4.0.1)
    - AFNetworking/Serialization (= 4.0.1)
    - AFNetworking/UIKit (= 4.0.1)
  - AFNetworking/NSURLSession (4.0.1):
    - AFNetworking/Reachability
    - AFNetworking/Security
    - AFNetworking/Serialization
  - AFNetworking/Reachability (4.0.1)
  - AFNetworking/Security (4.0.1)
  - AFNetworking/Serialization (4.0.1)
  - AFNetworking/UIKit (4.0.1):
    - AFNetworking/NSURLSession
  - FMPurchase (0.1.0):
    - AFNetworking
    - SVProgressHUD
  - SVProgressHUD (2.2.5)

DEPENDENCIES:
  - FMPurchase (from `../`)

SPEC REPOS:
  trunk:
    - AFNetworking
    - SVProgressHUD

EXTERNAL SOURCES:
  FMPurchase:
    :path: "../"

SPEC CHECKSUMS:
  AFNetworking: 7864c38297c79aaca1500c33288e429c3451fdce
  FMPurchase: 4a2a10f370ed10155d2dadfde1fa4d4ced2c3184
  SVProgressHUD: 1428aafac632c1f86f62aa4243ec12008d7a51d6

PODFILE CHECKSUM: f1456ce89d974c8b31c49d39e86cf8c865cf0516

COCOAPODS: 1.11.2
